// !$*UTF8*$!
{
	archiveVersion = 1;
	classes = {
	};
	objectVersion = 50;
	objects = {

/* Begin PBXBuildFile section */
		040A290F2254ECCB0035CFFC /* DetailViewController.swift in Sources */ = {isa = PBXBuildFile; fileRef = 040A290E2254ECCB0035CFFC /* DetailViewController.swift */; };
		044591D8225670F500934920 /* UILabel.swift in Sources */ = {isa = PBXBuildFile; fileRef = 044591D7225670F500934920 /* UILabel.swift */; };
		0450615D2289FBBC001ACEC6 /* background.jpg in Resources */ = {isa = PBXBuildFile; fileRef = 0450615C2289FBBC001ACEC6 /* background.jpg */; };
		04ABD0BB2253C03900B9C38D /* AppDelegate.swift in Sources */ = {isa = PBXBuildFile; fileRef = 04ABD0BA2253C03900B9C38D /* AppDelegate.swift */; };
		04ABD0BD2253C03900B9C38D /* ViewController.swift in Sources */ = {isa = PBXBuildFile; fileRef = 04ABD0BC2253C03900B9C38D /* ViewController.swift */; };
		04ABD0C02253C03900B9C38D /* Main.storyboard in Resources */ = {isa = PBXBuildFile; fileRef = 04ABD0BE2253C03900B9C38D /* Main.storyboard */; };
		04ABD0C22253C03A00B9C38D /* Assets.xcassets in Resources */ = {isa = PBXBuildFile; fileRef = 04ABD0C12253C03A00B9C38D /* Assets.xcassets */; };
		04ABD0CD2253C0AD00B9C38D /* ListaViewController.swift in Sources */ = {isa = PBXBuildFile; fileRef = 04ABD0CC2253C0AD00B9C38D /* ListaViewController.swift */; };
		04ABD0CF2253C0BB00B9C38D /* MapaViewController.swift in Sources */ = {isa = PBXBuildFile; fileRef = 04ABD0CE2253C0BB00B9C38D /* MapaViewController.swift */; };
		04ABD0D52253C18900B9C38D /* CellData.swift in Sources */ = {isa = PBXBuildFile; fileRef = 04ABD0D42253C18900B9C38D /* CellData.swift */; };
		04ABD0D72253C1DD00B9C38D /* Model.swift in Sources */ = {isa = PBXBuildFile; fileRef = 04ABD0D62253C1DD00B9C38D /* Model.swift */; };
/* End PBXBuildFile section */

/* Begin PBXFileReference section */
		040A290E2254ECCB0035CFFC /* DetailViewController.swift */ = {isa = PBXFileReference; lastKnownFileType = sourcecode.swift; path = DetailViewController.swift; sourceTree = "<group>"; };
		044591D7225670F500934920 /* UILabel.swift */ = {isa = PBXFileReference; lastKnownFileType = sourcecode.swift; path = UILabel.swift; sourceTree = "<group>"; };
		0450615C2289FBBC001ACEC6 /* background.jpg */ = {isa = PBXFileReference; lastKnownFileType = image.jpeg; path = background.jpg; sourceTree = "<group>"; };
		04ABD0B72253C03900B9C38D /* Hoteli BG.app */ = {isa = PBXFileReference; explicitFileType = wrapper.application; includeInIndex = 0; path = "Hoteli BG.app"; sourceTree = BUILT_PRODUCTS_DIR; };
		04ABD0BA2253C03900B9C38D /* AppDelegate.swift */ = {isa = PBXFileReference; lastKnownFileType = sourcecode.swift; path = AppDelegate.swift; sourceTree = "<group>"; };
		04ABD0BC2253C03900B9C38D /* ViewController.swift */ = {isa = PBXFileReference; lastKnownFileType = sourcecode.swift; path = ViewController.swift; sourceTree = "<group>"; };
		04ABD0BF2253C03900B9C38D /* Base */ = {isa = PBXFileReference; lastKnownFileType = file.storyboard; name = Base; path = Base.lproj/Main.storyboard; sourceTree = "<group>"; };
		04ABD0C12253C03A00B9C38D /* Assets.xcassets */ = {isa = PBXFileReference; lastKnownFileType = folder.assetcatalog; path = Assets.xcassets; sourceTree = "<group>"; };
		04ABD0C62253C03A00B9C38D /* Info.plist */ = {isa = PBXFileReference; lastKnownFileType = text.plist.xml; path = Info.plist; sourceTree = "<group>"; };
		04ABD0CC2253C0AD00B9C38D /* ListaViewController.swift */ = {isa = PBXFileReference; lastKnownFileType = sourcecode.swift; path = ListaViewController.swift; sourceTree = "<group>"; };
		04ABD0CE2253C0BB00B9C38D /* MapaViewController.swift */ = {isa = PBXFileReference; lastKnownFileType = sourcecode.swift; path = MapaViewController.swift; sourceTree = "<group>"; };
		04ABD0D42253C18900B9C38D /* CellData.swift */ = {isa = PBXFileReference; lastKnownFileType = sourcecode.swift; path = CellData.swift; sourceTree = "<group>"; };
		04ABD0D62253C1DD00B9C38D /* Model.swift */ = {isa = PBXFileReference; lastKnownFileType = sourcecode.swift; path = Model.swift; sourceTree = "<group>"; };
/* End PBXFileReference section */

/* Begin PBXFrameworksBuildPhase section */
		04ABD0B42253C03900B9C38D /* Frameworks */ = {
			isa = PBXFrameworksBuildPhase;
			buildActionMask = 2147483647;
			files = (
			);
			runOnlyForDeploymentPostprocessing = 0;
		};
/* End PBXFrameworksBuildPhase section */

/* Begin PBXGroup section */
		04ABD0AE2253C03900B9C38D = {
			isa = PBXGroup;
			children = (
				04ABD0B92253C03900B9C38D /* Hoteli BG */,
				04ABD0B82253C03900B9C38D /* Products */,
			);
			sourceTree = "<group>";
		};
		04ABD0B82253C03900B9C38D /* Products */ = {
			isa = PBXGroup;
			children = (
				04ABD0B72253C03900B9C38D /* Hoteli BG.app */,
			);
			name = Products;
			sourceTree = "<group>";
		};
		04ABD0B92253C03900B9C38D /* Hoteli BG */ = {
			isa = PBXGroup;
			children = (
				04ABD0BA2253C03900B9C38D /* AppDelegate.swift */,
				04ABD0BC2253C03900B9C38D /* ViewController.swift */,
				04ABD0BE2253C03900B9C38D /* Main.storyboard */,
				040A290E2254ECCB0035CFFC /* DetailViewController.swift */,
				04ABD0D62253C1DD00B9C38D /* Model.swift */,
				04ABD0CC2253C0AD00B9C38D /* ListaViewController.swift */,
				04ABD0CE2253C0BB00B9C38D /* MapaViewController.swift */,
				04ABD0D42253C18900B9C38D /* CellData.swift */,
				0450615C2289FBBC001ACEC6 /* background.jpg */,
				04ABD0C12253C03A00B9C38D /* Assets.xcassets */,
				044591D7225670F500934920 /* UILabel.swift */,
				04ABD0C62253C03A00B9C38D /* Info.plist */,
			);
			path = "Hoteli BG";
			sourceTree = "<group>";
		};
/* End PBXGroup section */

/* Begin PBXNativeTarget section */
		04ABD0B62253C03900B9C38D /* Hoteli BG */ = {
			isa = PBXNativeTarget;
			buildConfigurationList = 04ABD0C92253C03A00B9C38D /* Build configuration list for PBXNativeTarget "Hoteli BG" */;
			buildPhases = (
				04ABD0B32253C03900B9C38D /* Sources */,
				04ABD0B42253C03900B9C38D /* Frameworks */,
				04ABD0B52253C03900B9C38D /* Resources */,
			);
			buildRules = (
			);
			dependencies = (
			);
			name = "Hoteli BG";
			productName = "TNation Zadatak";
			productReference = 04ABD0B72253C03900B9C38D /* Hoteli BG.app */;
			productType = "com.apple.product-type.application";
		};
/* End PBXNativeTarget section */

/* Begin PBXProject section */
		04ABD0AF2253C03900B9C38D /* Project object */ = {
			isa = PBXProject;
			attributes = {
				LastSwiftUpdateCheck = 1020;
				LastUpgradeCheck = 1020;
				ORGANIZATIONNAME = crossover;
				TargetAttributes = {
					04ABD0B62253C03900B9C38D = {
						CreatedOnToolsVersion = 10.2;
					};
				};
			};
			buildConfigurationList = 04ABD0B22253C03900B9C38D /* Build configuration list for PBXProject "Hoteli BG" */;
			compatibilityVersion = "Xcode 9.3";
			developmentRegion = en;
			hasScannedForEncodings = 0;
			knownRegions = (
				en,
				Base,
			);
			mainGroup = 04ABD0AE2253C03900B9C38D;
			productRefGroup = 04ABD0B82253C03900B9C38D /* Products */;
			projectDirPath = "";
			projectRoot = "";
			targets = (
				04ABD0B62253C03900B9C38D /* Hoteli BG */,
			);
		};
/* End PBXProject section */

/* Begin PBXResourcesBuildPhase section */
		04ABD0B52253C03900B9C38D /* Resources */ = {
			isa = PBXResourcesBuildPhase;
			buildActionMask = 2147483647;
			files = (
				0450615D2289FBBC001ACEC6 /* background.jpg in Resources */,
				04ABD0C22253C03A00B9C38D /* Assets.xcassets in Resources */,
				04ABD0C02253C03900B9C38D /* Main.storyboard in Resources */,
			);
			runOnlyForDeploymentPostprocessing = 0;
		};
/* End PBXResourcesBuildPhase section */

/* Begin PBXSourcesBuildPhase section */
		04ABD0B32253C03900B9C38D /* Sources */ = {
			isa = PBXSourcesBuildPhase;
			buildActionMask = 2147483647;
			files = (
				04ABD0CD2253C0AD00B9C38D /* ListaViewController.swift in Sources */,
				04ABD0CF2253C0BB00B9C38D /* MapaViewController.swift in Sources */,
				04ABD0BD2253C03900B9C38D /* ViewController.swift in Sources */,
				04ABD0D72253C1DD00B9C38D /* Model.swift in Sources */,
				04ABD0D52253C18900B9C38D /* CellData.swift in Sources */,
				04ABD0BB2253C03900B9C38D /* AppDelegate.swift in Sources */,
				044591D8225670F500934920 /* UILabel.swift in Sources */,
				040A290F2254ECCB0035CFFC /* DetailViewController.swift in Sources */,
			);
			runOnlyForDeploymentPostprocessing = 0;
		};
/* End PBXSourcesBuildPhase section */

/* Begin PBXVariantGroup section */
		04ABD0BE2253C03900B9C38D /* Main.storyboard */ = {
			isa = PBXVariantGroup;
			children = (
				04ABD0BF2253C03900B9C38D /* Base */,
			);
			name = Main.storyboard;
			sourceTree = "<group>";
		};
/* End PBXVariantGroup section */

/* Begin XCBuildConfiguration section */
		04ABD0C72253C03A00B9C38D /* Debug */ = {
			isa = XCBuildConfiguration;
			buildSettings = {
				ALWAYS_SEARCH_USER_PATHS = NO;
				CLANG_ANALYZER_NONNULL = YES;
				CLANG_ANALYZER_NUMBER_OBJECT_CONVERSION = YES_AGGRESSIVE;
				CLANG_CXX_LANGUAGE_STANDARD = "gnu++14";
				CLANG_CXX_LIBRARY = "libc++";
				CLANG_ENABLE_MODULES = YES;
				CLANG_ENABLE_OBJC_ARC = YES;
				CLANG_ENABLE_OBJC_WEAK = YES;
				CLANG_WARN_BLOCK_CAPTURE_AUTORELEASING = YES;
				CLANG_WARN_BOOL_CONVERSION = YES;
				CLANG_WARN_COMMA = YES;
				CLANG_WARN_CONSTANT_CONVERSION = YES;
				CLANG_WARN_DEPRECATED_OBJC_IMPLEMENTATIONS = YES;
				CLANG_WARN_DIRECT_OBJC_ISA_USAGE = YES_ERROR;
				CLANG_WARN_DOCUMENTATION_COMMENTS = YES;
				CLANG_WARN_EMPTY_BODY = YES;
				CLANG_WARN_ENUM_CONVERSION = YES;
				CLANG_WARN_INFINITE_RECURSION = YES;
				CLANG_WARN_INT_CONVERSION = YES;
				CLANG_WARN_NON_LITERAL_NULL_CONVERSION = YES;
				CLANG_WARN_OBJC_IMPLICIT_RETAIN_SELF = YES;
				CLANG_WARN_OBJC_LITERAL_CONVERSION = YES;
				CLANG_WARN_OBJC_ROOT_CLASS = YES_ERROR;
				CLANG_WARN_RANGE_LOOP_ANALYSIS = YES;
				CLANG_WARN_STRICT_PROTOTYPES = YES;
				CLANG_WARN_SUSPICIOUS_MOVE = YES;
				CLANG_WARN_UNGUARDED_AVAILABILITY = YES_AGGRESSIVE;
				CLANG_WARN_UNREACHABLE_CODE = YES;
				CLANG_WARN__DUPLICATE_METHOD_MATCH = YES;
				CODE_SIGN_IDENTITY = "iPhone Developer";
				COPY_PHASE_STRIP = NO;
				DEBUG_INFORMATION_FORMAT = dwarf;
				ENABLE_STRICT_OBJC_MSGSEND = YES;
				ENABLE_TESTABILITY = YES;
				GCC_C_LANGUAGE_STANDARD = gnu11;
				GCC_DYNAMIC_NO_PIC = NO;
				GCC_NO_COMMON_BLOCKS = YES;
				GCC_OPTIMIZATION_LEVEL = 0;
				GCC_PREPROCESSOR_DEFINITIONS = (
					"DEBUG=1",
					"$(inherited)",
				);
				GCC_WARN_64_TO_32_BIT_CONVERSION = YES;
				GCC_WARN_ABOUT_RETURN_TYPE = YES_ERROR;
				GCC_WARN_UNDECLARED_SELECTOR = YES;
				GCC_WARN_UNINITIALIZED_AUTOS = YES_AGGRESSIVE;
				GCC_WARN_UNUSED_FUNCTION = YES;
				GCC_WARN_UNUSED_VARIABLE = YES;
				IPHONEOS_DEPLOYMENT_TARGET = 12.2;
				MTL_ENABLE_DEBUG_INFO = INCLUDE_SOURCE;
				MTL_FAST_MATH = YES;
				ONLY_ACTIVE_ARCH = YES;
				SDKROOT = iphoneos;
				SWIFT_ACTIVE_COMPILATION_CONDITIONS = DEBUG;
				SWIFT_OPTIMIZATION_LEVEL = "-Onone";
			};
			name = Debug;
		};
		04ABD0C82253C03A00B9C38D /* Release */ = {
			isa = XCBuildConfiguration;
			buildSettings = {
				ALWAYS_SEARCH_USER_PATHS = NO;
				CLANG_ANALYZER_NONNULL = YES;
				CLANG_ANALYZER_NUMBER_OBJECT_CONVERSION = YES_AGGRESSIVE;
				CLANG_CXX_LANGUAGE_STANDARD = "gnu++14";
				CLANG_CXX_LIBRARY = "libc++";
				CLANG_ENABLE_MODULES = YES;
				CLANG_ENABLE_OBJC_ARC = YES;
				CLANG_ENABLE_OBJC_WEAK = YES;
				CLANG_WARN_BLOCK_CAPTURE_AUTORELEASING = YES;
				CLANG_WARN_BOOL_CONVERSION = YES;
				CLANG_WARN_COMMA = YES;
				CLANG_WARN_CONSTANT_CONVERSION = YES;
				CLANG_WARN_DEPRECATED_OBJC_IMPLEMENTATIONS = YES;
				CLANG_WARN_DIRECT_OBJC_ISA_USAGE = YES_ERROR;
				CLANG_WARN_DOCUMENTATION_COMMENTS = YES;
				CLANG_WARN_EMPTY_BODY = YES;
				CLANG_WARN_ENUM_CONVERSION = YES;
				CLANG_WARN_INFINITE_RECURSION = YES;
				CLANG_WARN_INT_CONVERSION = YES;
				CLANG_WARN_NON_LITERAL_NULL_CONVERSION = YES;
				CLANG_WARN_OBJC_IMPLICIT_RETAIN_SELF = YES;
				CLANG_WARN_OBJC_LITERAL_CONVERSION = YES;
				CLANG_WARN_OBJC_ROOT_CLASS = YES_ERROR;
				CLANG_WARN_RANGE_LOOP_ANALYSIS = YES;
				CLANG_WARN_STRICT_PROTOTYPES = YES;
				CLANG_WARN_SUSPICIOUS_MOVE = YES;
				CLANG_WARN_UNGUARDED_AVAILABILITY = YES_AGGRESSIVE;
				CLANG_WARN_UNREACHABLE_CODE = YES;
				CLANG_WARN__DUPLICATE_METHOD_MATCH = YES;
				CODE_SIGN_IDENTITY = "iPhone Developer";
				COPY_PHASE_STRIP = NO;
				DEBUG_INFORMATION_FORMAT = "dwarf-with-dsym";
				ENABLE_NS_ASSERTIONS = NO;
				ENABLE_STRICT_OBJC_MSGSEND = YES;
				GCC_C_LANGUAGE_STANDARD = gnu11;
				GCC_NO_COMMON_BLOCKS = YES;
				GCC_WARN_64_TO_32_BIT_CONVERSION = YES;
				GCC_WARN_ABOUT_RETURN_TYPE = YES_ERROR;
				GCC_WARN_UNDECLARED_SELECTOR = YES;
				GCC_WARN_UNINITIALIZED_AUTOS = YES_AGGRESSIVE;
				GCC_WARN_UNUSED_FUNCTION = YES;
				GCC_WARN_UNUSED_VARIABLE = YES;
				IPHONEOS_DEPLOYMENT_TARGET = 12.2;
				MTL_ENABLE_DEBUG_INFO = NO;
				MTL_FAST_MATH = YES;
				SDKROOT = iphoneos;
				SWIFT_COMPILATION_MODE = wholemodule;
				SWIFT_OPTIMIZATION_LEVEL = "-O";
				VALIDATE_PRODUCT = YES;
			};
			name = Release;
		};
		04ABD0CA2253C03A00B9C38D /* Debug */ = {
			isa = XCBuildConfiguration;
			buildSettings = {
				ASSETCATALOG_COMPILER_APPICON_NAME = AppIcon;
				CODE_SIGN_STYLE = Automatic;
				DEVELOPMENT_TEAM = XG6X5BF24F;
				INFOPLIST_FILE = "Hoteli BG/Info.plist";
				LD_RUNPATH_SEARCH_PATHS = (
					"$(inherited)",
					"@executable_path/Frameworks",
				);
				PRODUCT_BUNDLE_IDENTIFIER = "com.Nemanja.Hoteli BG";
				PRODUCT_NAME = "$(TARGET_NAME)";
				SWIFT_VERSION = 5.0;
				TARGETED_DEVICE_FAMILY = "1,2";
			};
			name = Debug;
		};
		04ABD0CB2253C03A00B9C38D /* Release */ = {
			isa = XCBuildConfiguration;
			buildSettings = {
				ASSETCATALOG_COMPILER_APPICON_NAME = AppIcon;
				CODE_SIGN_STYLE = Automatic;
				DEVELOPMENT_TEAM = XG6X5BF24F;
				INFOPLIST_FILE = "Hoteli BG/Info.plist";
				LD_RUNPATH_SEARCH_PATHS = (
					"$(inherited)",
					"@executable_path/Frameworks",
				);
				PRODUCT_BUNDLE_IDENTIFIER = "com.Nemanja.Hoteli BG";
				PRODUCT_NAME = "$(TARGET_NAME)";
				SWIFT_VERSION = 5.0;
				TARGETED_DEVICE_FAMILY = "1,2";
			};
			name = Release;
		};
/* End XCBuildConfiguration section */

/* Begin XCConfigurationList section */
		04ABD0B22253C03900B9C38D /* Build configuration list for PBXProject "Hoteli BG" */ = {
			isa = XCConfigurationList;
			buildConfigurations = (
				04ABD0C72253C03A00B9C38D /* Debug */,
				04ABD0C82253C03A00B9C38D /* Release */,
			);
			defaultConfigurationIsVisible = 0;
			defaultConfigurationName = Release;
		};
		04ABD0C92253C03A00B9C38D /* Build configuration list for PBXNativeTarget "Hoteli BG" */ = {
			isa = XCConfigurationList;
			buildConfigurations = (
				04ABD0CA2253C03A00B9C38D /* Debug */,
				04ABD0CB2253C03A00B9C38D /* Release */,
			);
			defaultConfigurationIsVisible = 0;
			defaultConfigurationName = Release;
		};
/* End XCConfigurationList section */
	};
	rootObject = 04ABD0AF2253C03900B9C38D /* Project object */;
}
